
Microsoft Visual Studio Solution File, Format Version 12.00
# Visual Studio Version 17
VisualStudioVersion = 17.11.35312.102
MinimumVisualStudioVersion = 10.0.40219.1
Project("{8BC9CEB8-8B4A-11D0-8D11-00A0C91BC942}") = "Project1", "Project1\Project1.vcxproj", "{630CAD49-DFE6-4599-8CC7-3FA6163AB2C4}"
EndProject
Global
	GlobalSection(SolutionConfigurationPlatforms) = preSolution
		Debug|x64 = Debug|x64
		Debug|x86 = Debug|x86
		Release|x64 = Release|x64
		Release|x86 = Release|x86
	EndGlobalSection
	GlobalSection(ProjectConfigurationPlatforms) = postSolution
		{630CAD49-DFE6-4599-8CC7-3FA6163AB2C4}.Debug|x64.ActiveCfg = Debug|x64
		{630CAD49-DFE6-4599-8CC7-3FA6163AB2C4}.Debug|x64.Build.0 = Debug|x64
		{630CAD49-DFE6-4599-8CC7-3FA6163AB2C4}.Debug|x86.ActiveCfg = Debug|Win32
		{630CAD49-DFE6-4599-8CC7-3FA6163AB2C4}.Debug|x86.Build.0 = Debug|Win32
		{630CAD49-DFE6-4599-8CC7-3FA6163AB2C4}.Release|x64.ActiveCfg = Release|x64
		{630CAD49-DFE6-4599-8CC7-3FA6163AB2C4}.Release|x64.Build.0 = Release|x64
		{630CAD49-DFE6-4599-8CC7-3FA6163AB2C4}.Release|x86.ActiveCfg = Release|Win32
		{630CAD49-DFE6-4599-8CC7-3FA6163AB2C4}.Release|x86.Build.0 = Release|Win32
	EndGlobalSection
	GlobalSection(SolutionProperties) = preSolution
		HideSolutionNode = FALSE
	EndGlobalSection
	GlobalSection(ExtensibilityGlobals) = postSolution
		SolutionGuid = {9547E0AC-0471-43D3-9E2A-32821F3A1B51}
	EndGlobalSection
EndGlobal
